
Microsoft Visual Studio Solution File, Format Version 12.00
# Visual Studio Version 17
VisualStudioVersion = 17.10.35013.160
MinimumVisualStudioVersion = 10.0.40219.1
Project("{8BC9CEB8-8B4A-11D0-8D11-00A0C91BC942}") = "Inheritons", "Inheritons\Inheritons.vcxproj", "{35A90036-CE03-4C57-A30D-76F90D4E2EED}"
EndProject
Project("{8BC9CEB8-8B4A-11D0-8D11-00A0C91BC942}") = "Academy", "Academy\Academy.vcxproj", "{3698E7F0-BC7C-49B0-B106-A0B6DA4442D4}"
EndProject
Project("{8BC9CEB8-8B4A-11D0-8D11-00A0C91BC942}") = "Files", "Files\Files.vcxproj", "{2E2D4364-2FFE-4EBB-A7E0-0AF8EBA283F4}"
EndProject
Project("{8BC9CEB8-8B4A-11D0-8D11-00A0C91BC942}") = "AbstractBaseClass", "AbstractBaseClass\AbstractBaseClass.vcxproj", "{9AF178C3-8DD4-4D85-84B2-74896E98C1F4}"
EndProject
Project("{8BC9CEB8-8B4A-11D0-8D11-00A0C91BC942}") = "AbstractGeometry", "AbstractGeometry\AbstractGeometry.vcxproj", "{7EF94CD1-14E9-44D9-9D1F-0C1262DFA6FA}"
EndProject
Global
	GlobalSection(SolutionConfigurationPlatforms) = preSolution
		Debug|x64 = Debug|x64
		Debug|x86 = Debug|x86
		Release|x64 = Release|x64
		Release|x86 = Release|x86
	EndGlobalSection
	GlobalSection(ProjectConfigurationPlatforms) = postSolution
		{35A90036-CE03-4C57-A30D-76F90D4E2EED}.Debug|x64.ActiveCfg = Debug|x64
		{35A90036-CE03-4C57-A30D-76F90D4E2EED}.Debug|x64.Build.0 = Debug|x64
		{35A90036-CE03-4C57-A30D-76F90D4E2EED}.Debug|x86.ActiveCfg = Debug|Win32
		{35A90036-CE03-4C57-A30D-76F90D4E2EED}.Debug|x86.Build.0 = Debug|Win32
		{35A90036-CE03-4C57-A30D-76F90D4E2EED}.Release|x64.ActiveCfg = Release|x64
		{35A90036-CE03-4C57-A30D-76F90D4E2EED}.Release|x64.Build.0 = Release|x64
		{35A90036-CE03-4C57-A30D-76F90D4E2EED}.Release|x86.ActiveCfg = Release|Win32
		{35A90036-CE03-4C57-A30D-76F90D4E2EED}.Release|x86.Build.0 = Release|Win32
		{3698E7F0-BC7C-49B0-B106-A0B6DA4442D4}.Debug|x64.ActiveCfg = Debug|x64
		{3698E7F0-BC7C-49B0-B106-A0B6DA4442D4}.Debug|x64.Build.0 = Debug|x64
		{3698E7F0-BC7C-49B0-B106-A0B6DA4442D4}.Debug|x86.ActiveCfg = Debug|Win32
		{3698E7F0-BC7C-49B0-B106-A0B6DA4442D4}.Debug|x86.Build.0 = Debug|Win32
		{3698E7F0-BC7C-49B0-B106-A0B6DA4442D4}.Release|x64.ActiveCfg = Release|x64
		{3698E7F0-BC7C-49B0-B106-A0B6DA4442D4}.Release|x64.Build.0 = Release|x64
		{3698E7F0-BC7C-49B0-B106-A0B6DA4442D4}.Release|x86.ActiveCfg = Release|Win32
		{3698E7F0-BC7C-49B0-B106-A0B6DA4442D4}.Release|x86.Build.0 = Release|Win32
		{2E2D4364-2FFE-4EBB-A7E0-0AF8EBA283F4}.Debug|x64.ActiveCfg = Debug|x64
		{2E2D4364-2FFE-4EBB-A7E0-0AF8EBA283F4}.Debug|x64.Build.0 = Debug|x64
		{2E2D4364-2FFE-4EBB-A7E0-0AF8EBA283F4}.Debug|x86.ActiveCfg = Debug|Win32
		{2E2D4364-2FFE-4EBB-A7E0-0AF8EBA283F4}.Debug|x86.Build.0 = Debug|Win32
		{2E2D4364-2FFE-4EBB-A7E0-0AF8EBA283F4}.Release|x64.ActiveCfg = Release|x64
		{2E2D4364-2FFE-4EBB-A7E0-0AF8EBA283F4}.Release|x64.Build.0 = Release|x64
		{2E2D4364-2FFE-4EBB-A7E0-0AF8EBA283F4}.Release|x86.ActiveCfg = Release|Win32
		{2E2D4364-2FFE-4EBB-A7E0-0AF8EBA283F4}.Release|x86.Build.0 = Release|Win32
		{9AF178C3-8DD4-4D85-84B2-74896E98C1F4}.Debug|x64.ActiveCfg = Debug|x64
		{9AF178C3-8DD4-4D85-84B2-74896E98C1F4}.Debug|x64.Build.0 = Debug|x64
		{9AF178C3-8DD4-4D85-84B2-74896E98C1F4}.Debug|x86.ActiveCfg = Debug|Win32
		{9AF178C3-8DD4-4D85-84B2-74896E98C1F4}.Debug|x86.Build.0 = Debug|Win32
		{9AF178C3-8DD4-4D85-84B2-74896E98C1F4}.Release|x64.ActiveCfg = Release|x64
		{9AF178C3-8DD4-4D85-84B2-74896E98C1F4}.Release|x64.Build.0 = Release|x64
		{9AF178C3-8DD4-4D85-84B2-74896E98C1F4}.Release|x86.ActiveCfg = Release|Win32
		{9AF178C3-8DD4-4D85-84B2-74896E98C1F4}.Release|x86.Build.0 = Release|Win32
		{7EF94CD1-14E9-44D9-9D1F-0C1262DFA6FA}.Debug|x64.ActiveCfg = Debug|x64
		{7EF94CD1-14E9-44D9-9D1F-0C1262DFA6FA}.Debug|x64.Build.0 = Debug|x64
		{7EF94CD1-14E9-44D9-9D1F-0C1262DFA6FA}.Debug|x86.ActiveCfg = Debug|Win32
		{7EF94CD1-14E9-44D9-9D1F-0C1262DFA6FA}.Debug|x86.Build.0 = Debug|Win32
		{7EF94CD1-14E9-44D9-9D1F-0C1262DFA6FA}.Release|x64.ActiveCfg = Release|x64
		{7EF94CD1-14E9-44D9-9D1F-0C1262DFA6FA}.Release|x64.Build.0 = Release|x64
		{7EF94CD1-14E9-44D9-9D1F-0C1262DFA6FA}.Release|x86.ActiveCfg = Release|Win32
		{7EF94CD1-14E9-44D9-9D1F-0C1262DFA6FA}.Release|x86.Build.0 = Release|Win32
	EndGlobalSection
	GlobalSection(SolutionProperties) = preSolution
		HideSolutionNode = FALSE
	EndGlobalSection
	GlobalSection(ExtensibilityGlobals) = postSolution
		SolutionGuid = {83A709E2-3D9F-4766-A61F-6A7204BDEFA4}
	EndGlobalSection
EndGlobal
